// !$*UTF8*$!
{
	archiveVersion = 1;
	classes = {
	};
	objectVersion = 55;
	objects = {

/* Begin PBXBuildFile section */
		D0A81C9E2826F9CD00691994 /* HexagonSystemImageApp.swift in Sources */ = {isa = PBXBuildFile; fileRef = D0A81C9D2826F9CD00691994 /* HexagonSystemImageApp.swift */; };
		D0A81CA02826F9CD00691994 /* ContentView.swift in Sources */ = {isa = PBXBuildFile; fileRef = D0A81C9F2826F9CD00691994 /* ContentView.swift */; };
		D0A81CA22826F9CE00691994 /* Assets.xcassets in Resources */ = {isa = PBXBuildFile; fileRef = D0A81CA12826F9CE00691994 /* Assets.xcassets */; };
		D0A81CA52826F9CE00691994 /* Preview Assets.xcassets in Resources */ = {isa = PBXBuildFile; fileRef = D0A81CA42826F9CE00691994 /* Preview Assets.xcassets */; };
		D0A81CAF2826F9CE00691994 /* HexagonSystemImageTests.swift in Sources */ = {isa = PBXBuildFile; fileRef = D0A81CAE2826F9CE00691994 /* HexagonSystemImageTests.swift */; };
		D0A81CC82826FA1900691994 /* UnitSpacement.swift in Sources */ = {isa = PBXBuildFile; fileRef = D0A81CC72826FA1900691994 /* UnitSpacement.swift */; };
		D0A81CCA282707C400691994 /* Spacement.swift in Sources */ = {isa = PBXBuildFile; fileRef = D0A81CC9282707C400691994 /* Spacement.swift */; };
		D0A81CCC2827139B00691994 /* TextPlacement.swift in Sources */ = {isa = PBXBuildFile; fileRef = D0A81CCB2827139B00691994 /* TextPlacement.swift */; };
		D0A81CCE28271ABD00691994 /* Trial.swift in Sources */ = {isa = PBXBuildFile; fileRef = D0A81CCD28271ABD00691994 /* Trial.swift */; };
		D0A81CD0282722E100691994 /* Origin.swift in Sources */ = {isa = PBXBuildFile; fileRef = D0A81CCF282722E100691994 /* Origin.swift */; };
		D0A81CD22827265100691994 /* Data.swift in Sources */ = {isa = PBXBuildFile; fileRef = D0A81CD12827265100691994 /* Data.swift */; };
		D0A81CD428276D5D00691994 /* Element.swift in Sources */ = {isa = PBXBuildFile; fileRef = D0A81CD328276D5D00691994 /* Element.swift */; };
		D0E2B165284C21E0006B067C /* automatic.swift in Sources */ = {isa = PBXBuildFile; fileRef = D0E2B164284C21E0006B067C /* automatic.swift */; };
/* End PBXBuildFile section */

/* Begin PBXContainerItemProxy section */
		D0A81CAB2826F9CE00691994 /* PBXContainerItemProxy */ = {
			isa = PBXContainerItemProxy;
			containerPortal = D0A81C922826F9CD00691994 /* Project object */;
			proxyType = 1;
			remoteGlobalIDString = D0A81C992826F9CD00691994;
			remoteInfo = HexagonSystemImage;
		};
/* End PBXContainerItemProxy section */

/* Begin PBXFileReference section */
		D0A81C9A2826F9CD00691994 /* HexagonSystemImage.app */ = {isa = PBXFileReference; explicitFileType = wrapper.application; includeInIndex = 0; path = HexagonSystemImage.app; sourceTree = BUILT_PRODUCTS_DIR; };
		D0A81C9D2826F9CD00691994 /* HexagonSystemImageApp.swift */ = {isa = PBXFileReference; lastKnownFileType = sourcecode.swift; path = HexagonSystemImageApp.swift; sourceTree = "<group>"; };
		D0A81C9F2826F9CD00691994 /* ContentView.swift */ = {isa = PBXFileReference; lastKnownFileType = sourcecode.swift; path = ContentView.swift; sourceTree = "<group>"; };
		D0A81CA12826F9CE00691994 /* Assets.xcassets */ = {isa = PBXFileReference; lastKnownFileType = folder.assetcatalog; path = Assets.xcassets; sourceTree = "<group>"; };
		D0A81CA42826F9CE00691994 /* Preview Assets.xcassets */ = {isa = PBXFileReference; lastKnownFileType = folder.assetcatalog; path = "Preview Assets.xcassets"; sourceTree = "<group>"; };
		D0A81CAA2826F9CE00691994 /* HexagonSystemImageTests.xctest */ = {isa = PBXFileReference; explicitFileType = wrapper.cfbundle; includeInIndex = 0; path = HexagonSystemImageTests.xctest; sourceTree = BUILT_PRODUCTS_DIR; };
		D0A81CAE2826F9CE00691994 /* HexagonSystemImageTests.swift */ = {isa = PBXFileReference; lastKnownFileType = sourcecode.swift; path = HexagonSystemImageTests.swift; sourceTree = "<group>"; };
		D0A81CC72826FA1900691994 /* UnitSpacement.swift */ = {isa = PBXFileReference; fileEncoding = 4; lastKnownFileType = sourcecode.swift; path = UnitSpacement.swift; sourceTree = "<group>"; };
		D0A81CC9282707C400691994 /* Spacement.swift */ = {isa = PBXFileReference; lastKnownFileType = sourcecode.swift; path = Spacement.swift; sourceTree = "<group>"; };
		D0A81CCB2827139B00691994 /* TextPlacement.swift */ = {isa = PBXFileReference; lastKnownFileType = sourcecode.swift; path = TextPlacement.swift; sourceTree = "<group>"; };
		D0A81CCD28271ABD00691994 /* Trial.swift */ = {isa = PBXFileReference; lastKnownFileType = sourcecode.swift; path = Trial.swift; sourceTree = "<group>"; };
		D0A81CCF282722E100691994 /* Origin.swift */ = {isa = PBXFileReference; lastKnownFileType = sourcecode.swift; path = Origin.swift; sourceTree = "<group>"; };
		D0A81CD12827265100691994 /* Data.swift */ = {isa = PBXFileReference; lastKnownFileType = sourcecode.swift; path = Data.swift; sourceTree = "<group>"; };
		D0A81CD328276D5D00691994 /* Element.swift */ = {isa = PBXFileReference; lastKnownFileType = sourcecode.swift; path = Element.swift; sourceTree = "<group>"; };
		D0E2B164284C21E0006B067C /* automatic.swift */ = {isa = PBXFileReference; lastKnownFileType = sourcecode.swift; path = automatic.swift; sourceTree = "<group>"; };
/* End PBXFileReference section */

/* Begin PBXFrameworksBuildPhase section */
		D0A81C972826F9CD00691994 /* Frameworks */ = {
			isa = PBXFrameworksBuildPhase;
			buildActionMask = 2147483647;
			files = (
			);
			runOnlyForDeploymentPostprocessing = 0;
		};
		D0A81CA72826F9CE00691994 /* Frameworks */ = {
			isa = PBXFrameworksBuildPhase;
			buildActionMask = 2147483647;
			files = (
			);
			runOnlyForDeploymentPostprocessing = 0;
		};
/* End PBXFrameworksBuildPhase section */

/* Begin PBXGroup section */
		D0A81C912826F9CD00691994 = {
			isa = PBXGroup;
			children = (
				D0A81C9C2826F9CD00691994 /* HexagonSystemImage */,
				D0A81CAD2826F9CE00691994 /* HexagonSystemImageTests */,
				D0A81C9B2826F9CD00691994 /* Products */,
			);
			sourceTree = "<group>";
		};
		D0A81C9B2826F9CD00691994 /* Products */ = {
			isa = PBXGroup;
			children = (
				D0A81C9A2826F9CD00691994 /* HexagonSystemImage.app */,
				D0A81CAA2826F9CE00691994 /* HexagonSystemImageTests.xctest */,
			);
			name = Products;
			sourceTree = "<group>";
		};
		D0A81C9C2826F9CD00691994 /* HexagonSystemImage */ = {
			isa = PBXGroup;
			children = (
				D0A81C9D2826F9CD00691994 /* HexagonSystemImageApp.swift */,
				D0A81C9F2826F9CD00691994 /* ContentView.swift */,
				D0A81CC9282707C400691994 /* Spacement.swift */,
				D0A81CC72826FA1900691994 /* UnitSpacement.swift */,
				D0A81CCD28271ABD00691994 /* Trial.swift */,
				D0A81CD12827265100691994 /* Data.swift */,
				D0A81CCF282722E100691994 /* Origin.swift */,
				D0A81CD328276D5D00691994 /* Element.swift */,
				D0E2B164284C21E0006B067C /* automatic.swift */,
				D0A81CCB2827139B00691994 /* TextPlacement.swift */,
				D0A81CA12826F9CE00691994 /* Assets.xcassets */,
				D0A81CA32826F9CE00691994 /* Preview Content */,
			);
			path = HexagonSystemImage;
			sourceTree = "<group>";
		};
		D0A81CA32826F9CE00691994 /* Preview Content */ = {
			isa = PBXGroup;
			children = (
				D0A81CA42826F9CE00691994 /* Preview Assets.xcassets */,
			);
			path = "Preview Content";
			sourceTree = "<group>";
		};
		D0A81CAD2826F9CE00691994 /* HexagonSystemImageTests */ = {
			isa = PBXGroup;
			children = (
				D0A81CAE2826F9CE00691994 /* HexagonSystemImageTests.swift */,
			);
			path = HexagonSystemImageTests;
			sourceTree = "<group>";
		};
/* End PBXGroup section */

/* Begin PBXNativeTarget section */
		D0A81C992826F9CD00691994 /* HexagonSystemImage */ = {
			isa = PBXNativeTarget;
			buildConfigurationList = D0A81CBE2826F9CE00691994 /* Build configuration list for PBXNativeTarget "HexagonSystemImage" */;
			buildPhases = (
				D0A81C962826F9CD00691994 /* Sources */,
				D0A81C972826F9CD00691994 /* Frameworks */,
				D0A81C982826F9CD00691994 /* Resources */,
			);
			buildRules = (
			);
			dependencies = (
			);
			name = HexagonSystemImage;
			productName = HexagonSystemImage;
			productReference = D0A81C9A2826F9CD00691994 /* HexagonSystemImage.app */;
			productType = "com.apple.product-type.application";
		};
		D0A81CA92826F9CE00691994 /* HexagonSystemImageTests */ = {
			isa = PBXNativeTarget;
			buildConfigurationList = D0A81CC12826F9CE00691994 /* Build configuration list for PBXNativeTarget "HexagonSystemImageTests" */;
			buildPhases = (
				D0A81CA62826F9CE00691994 /* Sources */,
				D0A81CA72826F9CE00691994 /* Frameworks */,
				D0A81CA82826F9CE00691994 /* Resources */,
			);
			buildRules = (
			);
			dependencies = (
				D0A81CAC2826F9CE00691994 /* PBXTargetDependency */,
			);
			name = HexagonSystemImageTests;
			productName = HexagonSystemImageTests;
			productReference = D0A81CAA2826F9CE00691994 /* HexagonSystemImageTests.xctest */;
			productType = "com.apple.product-type.bundle.unit-test";
		};
/* End PBXNativeTarget section */

/* Begin PBXProject section */
		D0A81C922826F9CD00691994 /* Project object */ = {
			isa = PBXProject;
			attributes = {
				BuildIndependentTargetsInParallel = 1;
				LastSwiftUpdateCheck = 1320;
				LastUpgradeCheck = 1320;
				TargetAttributes = {
					D0A81C992826F9CD00691994 = {
						CreatedOnToolsVersion = 13.2.1;
					};
					D0A81CA92826F9CE00691994 = {
						CreatedOnToolsVersion = 13.2.1;
						TestTargetID = D0A81C992826F9CD00691994;
					};
				};
			};
			buildConfigurationList = D0A81C952826F9CD00691994 /* Build configuration list for PBXProject "HexagonSystemImage" */;
			compatibilityVersion = "Xcode 13.0";
			developmentRegion = en;
			hasScannedForEncodings = 0;
			knownRegions = (
				en,
				Base,
			);
			mainGroup = D0A81C912826F9CD00691994;
			productRefGroup = D0A81C9B2826F9CD00691994 /* Products */;
			projectDirPath = "";
			projectRoot = "";
			targets = (
				D0A81C992826F9CD00691994 /* HexagonSystemImage */,
				D0A81CA92826F9CE00691994 /* HexagonSystemImageTests */,
			);
		};
/* End PBXProject section */

/* Begin PBXResourcesBuildPhase section */
		D0A81C982826F9CD00691994 /* Resources */ = {
			isa = PBXResourcesBuildPhase;
			buildActionMask = 2147483647;
			files = (
				D0A81CA52826F9CE00691994 /* Preview Assets.xcassets in Resources */,
				D0A81CA22826F9CE00691994 /* Assets.xcassets in Resources */,
			);
			runOnlyForDeploymentPostprocessing = 0;
		};
		D0A81CA82826F9CE00691994 /* Resources */ = {
			isa = PBXResourcesBuildPhase;
			buildActionMask = 2147483647;
			files = (
			);
			runOnlyForDeploymentPostprocessing = 0;
		};
/* End PBXResourcesBuildPhase section */

/* Begin PBXSourcesBuildPhase section */
		D0A81C962826F9CD00691994 /* Sources */ = {
			isa = PBXSourcesBuildPhase;
			buildActionMask = 2147483647;
			files = (
				D0A81CCC2827139B00691994 /* TextPlacement.swift in Sources */,
				D0A81CA02826F9CD00691994 /* ContentView.swift in Sources */,
				D0A81CD428276D5D00691994 /* Element.swift in Sources */,
				D0A81C9E2826F9CD00691994 /* HexagonSystemImageApp.swift in Sources */,
				D0A81CCA282707C400691994 /* Spacement.swift in Sources */,
				D0E2B165284C21E0006B067C /* automatic.swift in Sources */,
				D0A81CCE28271ABD00691994 /* Trial.swift in Sources */,
				D0A81CC82826FA1900691994 /* UnitSpacement.swift in Sources */,
				D0A81CD0282722E100691994 /* Origin.swift in Sources */,
				D0A81CD22827265100691994 /* Data.swift in Sources */,
			);
			runOnlyForDeploymentPostprocessing = 0;
		};
		D0A81CA62826F9CE00691994 /* Sources */ = {
			isa = PBXSourcesBuildPhase;
			buildActionMask = 2147483647;
			files = (
				D0A81CAF2826F9CE00691994 /* HexagonSystemImageTests.swift in Sources */,
			);
			runOnlyForDeploymentPostprocessing = 0;
		};
/* End PBXSourcesBuildPhase section */

/* Begin PBXTargetDependency section */
		D0A81CAC2826F9CE00691994 /* PBXTargetDependency */ = {
			isa = PBXTargetDependency;
			target = D0A81C992826F9CD00691994 /* HexagonSystemImage */;
			targetProxy = D0A81CAB2826F9CE00691994 /* PBXContainerItemProxy */;
		};
/* End PBXTargetDependency section */

/* Begin XCBuildConfiguration section */
		D0A81CBC2826F9CE00691994 /* Debug */ = {
			isa = XCBuildConfiguration;
			buildSettings = {
				ALWAYS_SEARCH_USER_PATHS = NO;
				CLANG_ANALYZER_NONNULL = YES;
				CLANG_ANALYZER_NUMBER_OBJECT_CONVERSION = YES_AGGRESSIVE;
				CLANG_CXX_LANGUAGE_STANDARD = "gnu++17";
				CLANG_CXX_LIBRARY = "libc++";
				CLANG_ENABLE_MODULES = YES;
				CLANG_ENABLE_OBJC_ARC = YES;
				CLANG_ENABLE_OBJC_WEAK = YES;
				CLANG_WARN_BLOCK_CAPTURE_AUTORELEASING = YES;
				CLANG_WARN_BOOL_CONVERSION = YES;
				CLANG_WARN_COMMA = YES;
				CLANG_WARN_CONSTANT_CONVERSION = YES;
				CLANG_WARN_DEPRECATED_OBJC_IMPLEMENTATIONS = YES;
				CLANG_WARN_DIRECT_OBJC_ISA_USAGE = YES_ERROR;
				CLANG_WARN_DOCUMENTATION_COMMENTS = YES;
				CLANG_WARN_EMPTY_BODY = YES;
				CLANG_WARN_ENUM_CONVERSION = YES;
				CLANG_WARN_INFINITE_RECURSION = YES;
				CLANG_WARN_INT_CONVERSION = YES;
				CLANG_WARN_NON_LITERAL_NULL_CONVERSION = YES;
				CLANG_WARN_OBJC_IMPLICIT_RETAIN_SELF = YES;
				CLANG_WARN_OBJC_LITERAL_CONVERSION = YES;
				CLANG_WARN_OBJC_ROOT_CLASS = YES_ERROR;
				CLANG_WARN_QUOTED_INCLUDE_IN_FRAMEWORK_HEADER = YES;
				CLANG_WARN_RANGE_LOOP_ANALYSIS = YES;
				CLANG_WARN_STRICT_PROTOTYPES = YES;
				CLANG_WARN_SUSPICIOUS_MOVE = YES;
				CLANG_WARN_UNGUARDED_AVAILABILITY = YES_AGGRESSIVE;
				CLANG_WARN_UNREACHABLE_CODE = YES;
				CLANG_WARN__DUPLICATE_METHOD_MATCH = YES;
				COPY_PHASE_STRIP = NO;
				DEBUG_INFORMATION_FORMAT = dwarf;
				ENABLE_STRICT_OBJC_MSGSEND = YES;
				ENABLE_TESTABILITY = YES;
				GCC_C_LANGUAGE_STANDARD = gnu11;
				GCC_DYNAMIC_NO_PIC = NO;
				GCC_NO_COMMON_BLOCKS = YES;
				GCC_OPTIMIZATION_LEVEL = 0;
				GCC_PREPROCESSOR_DEFINITIONS = (
					"DEBUG=1",
					"$(inherited)",
				);
				GCC_WARN_64_TO_32_BIT_CONVERSION = YES;
				GCC_WARN_ABOUT_RETURN_TYPE = YES_ERROR;
				GCC_WARN_UNDECLARED_SELECTOR = YES;
				GCC_WARN_UNINITIALIZED_AUTOS = YES_AGGRESSIVE;
				GCC_WARN_UNUSED_FUNCTION = YES;
				GCC_WARN_UNUSED_VARIABLE = YES;
				IPHONEOS_DEPLOYMENT_TARGET = 15.2;
				MTL_ENABLE_DEBUG_INFO = INCLUDE_SOURCE;
				MTL_FAST_MATH = YES;
				ONLY_ACTIVE_ARCH = YES;
				SDKROOT = iphoneos;
				SWIFT_ACTIVE_COMPILATION_CONDITIONS = DEBUG;
				SWIFT_OPTIMIZATION_LEVEL = "-Onone";
			};
			name = Debug;
		};
		D0A81CBD2826F9CE00691994 /* Release */ = {
			isa = XCBuildConfiguration;
			buildSettings = {
				ALWAYS_SEARCH_USER_PATHS = NO;
				CLANG_ANALYZER_NONNULL = YES;
				CLANG_ANALYZER_NUMBER_OBJECT_CONVERSION = YES_AGGRESSIVE;
				CLANG_CXX_LANGUAGE_STANDARD = "gnu++17";
				CLANG_CXX_LIBRARY = "libc++";
				CLANG_ENABLE_MODULES = YES;
				CLANG_ENABLE_OBJC_ARC = YES;
				CLANG_ENABLE_OBJC_WEAK = YES;
				CLANG_WARN_BLOCK_CAPTURE_AUTORELEASING = YES;
				CLANG_WARN_BOOL_CONVERSION = YES;
				CLANG_WARN_COMMA = YES;
				CLANG_WARN_CONSTANT_CONVERSION = YES;
				CLANG_WARN_DEPRECATED_OBJC_IMPLEMENTATIONS = YES;
				CLANG_WARN_DIRECT_OBJC_ISA_USAGE = YES_ERROR;
				CLANG_WARN_DOCUMENTATION_COMMENTS = YES;
				CLANG_WARN_EMPTY_BODY = YES;
				CLANG_WARN_ENUM_CONVERSION = YES;
				CLANG_WARN_INFINITE_RECURSION = YES;
				CLANG_WARN_INT_CONVERSION = YES;
				CLANG_WARN_NON_LITERAL_NULL_CONVERSION = YES;
				CLANG_WARN_OBJC_IMPLICIT_RETAIN_SELF = YES;
				CLANG_WARN_OBJC_LITERAL_CONVERSION = YES;
				CLANG_WARN_OBJC_ROOT_CLASS = YES_ERROR;
				CLANG_WARN_QUOTED_INCLUDE_IN_FRAMEWORK_HEADER = YES;
				CLANG_WARN_RANGE_LOOP_ANALYSIS = YES;
				CLANG_WARN_STRICT_PROTOTYPES = YES;
				CLANG_WARN_SUSPICIOUS_MOVE = YES;
				CLANG_WARN_UNGUARDED_AVAILABILITY = YES_AGGRESSIVE;
				CLANG_WARN_UNREACHABLE_CODE = YES;
				CLANG_WARN__DUPLICATE_METHOD_MATCH = YES;
				COPY_PHASE_STRIP = NO;
				DEBUG_INFORMATION_FORMAT = "dwarf-with-dsym";
				ENABLE_NS_ASSERTIONS = NO;
				ENABLE_STRICT_OBJC_MSGSEND = YES;
				GCC_C_LANGUAGE_STANDARD = gnu11;
				GCC_NO_COMMON_BLOCKS = YES;
				GCC_WARN_64_TO_32_BIT_CONVERSION = YES;
				GCC_WARN_ABOUT_RETURN_TYPE = YES_ERROR;
				GCC_WARN_UNDECLARED_SELECTOR = YES;
				GCC_WARN_UNINITIALIZED_AUTOS = YES_AGGRESSIVE;
				GCC_WARN_UNUSED_FUNCTION = YES;
				GCC_WARN_UNUSED_VARIABLE = YES;
				IPHONEOS_DEPLOYMENT_TARGET = 15.2;
				MTL_ENABLE_DEBUG_INFO = NO;
				MTL_FAST_MATH = YES;
				SDKROOT = iphoneos;
				SWIFT_COMPILATION_MODE = wholemodule;
				SWIFT_OPTIMIZATION_LEVEL = "-O";
				VALIDATE_PRODUCT = YES;
			};
			name = Release;
		};
		D0A81CBF2826F9CE00691994 /* Debug */ = {
			isa = XCBuildConfiguration;
			buildSettings = {
				ASSETCATALOG_COMPILER_APPICON_NAME = AppIcon;
				ASSETCATALOG_COMPILER_GLOBAL_ACCENT_COLOR_NAME = AccentColor;
				CODE_SIGN_STYLE = Automatic;
				CURRENT_PROJECT_VERSION = 1;
				DEVELOPMENT_ASSET_PATHS = "\"HexagonSystemImage/Preview Content\"";
				ENABLE_PREVIEWS = YES;
				GENERATE_INFOPLIST_FILE = YES;
				INFOPLIST_KEY_UIApplicationSceneManifest_Generation = YES;
				INFOPLIST_KEY_UIApplicationSupportsIndirectInputEvents = YES;
				INFOPLIST_KEY_UILaunchScreen_Generation = YES;
				INFOPLIST_KEY_UISupportedInterfaceOrientations_iPad = "UIInterfaceOrientationPortrait UIInterfaceOrientationPortraitUpsideDown UIInterfaceOrientationLandscapeLeft UIInterfaceOrientationLandscapeRight";
				INFOPLIST_KEY_UISupportedInterfaceOrientations_iPhone = "UIInterfaceOrientationPortrait UIInterfaceOrientationLandscapeLeft UIInterfaceOrientationLandscapeRight";
				LD_RUNPATH_SEARCH_PATHS = (
					"$(inherited)",
					"@executable_path/Frameworks",
				);
				MARKETING_VERSION = 1.0;
				PRODUCT_BUNDLE_IDENTIFIER = com.revature.HexagonSystemImage;
				PRODUCT_NAME = "$(TARGET_NAME)";
				SWIFT_EMIT_LOC_STRINGS = YES;
				SWIFT_VERSION = 5.0;
				TARGETED_DEVICE_FAMILY = "1,2";
			};
			name = Debug;
		};
		D0A81CC02826F9CE00691994 /* Release */ = {
			isa = XCBuildConfiguration;
			buildSettings = {
				ASSETCATALOG_COMPILER_APPICON_NAME = AppIcon;
				ASSETCATALOG_COMPILER_GLOBAL_ACCENT_COLOR_NAME = AccentColor;
				CODE_SIGN_STYLE = Automatic;
				CURRENT_PROJECT_VERSION = 1;
				DEVELOPMENT_ASSET_PATHS = "\"HexagonSystemImage/Preview Content\"";
				ENABLE_PREVIEWS = YES;
				GENERATE_INFOPLIST_FILE = YES;
				INFOPLIST_KEY_UIApplicationSceneManifest_Generation = YES;
				INFOPLIST_KEY_UIApplicationSupportsIndirectInputEvents = YES;
				INFOPLIST_KEY_UILaunchScreen_Generation = YES;
				INFOPLIST_KEY_UISupportedInterfaceOrientations_iPad = "UIInterfaceOrientationPortrait UIInterfaceOrientationPortraitUpsideDown UIInterfaceOrientationLandscapeLeft UIInterfaceOrientationLandscapeRight";
				INFOPLIST_KEY_UISupportedInterfaceOrientations_iPhone = "UIInterfaceOrientationPortrait UIInterfaceOrientationLandscapeLeft UIInterfaceOrientationLandscapeRight";
				LD_RUNPATH_SEARCH_PATHS = (
					"$(inherited)",
					"@executable_path/Frameworks",
				);
				MARKETING_VERSION = 1.0;
				PRODUCT_BUNDLE_IDENTIFIER = com.revature.HexagonSystemImage;
				PRODUCT_NAME = "$(TARGET_NAME)";
				SWIFT_EMIT_LOC_STRINGS = YES;
				SWIFT_VERSION = 5.0;
				TARGETED_DEVICE_FAMILY = "1,2";
			};
			name = Release;
		};
		D0A81CC22826F9CE00691994 /* Debug */ = {
			isa = XCBuildConfiguration;
			buildSettings = {
				ALWAYS_EMBED_SWIFT_STANDARD_LIBRARIES = YES;
				BUNDLE_LOADER = "$(TEST_HOST)";
				CODE_SIGN_STYLE = Automatic;
				CURRENT_PROJECT_VERSION = 1;
				GENERATE_INFOPLIST_FILE = YES;
				IPHONEOS_DEPLOYMENT_TARGET = 15.2;
				MARKETING_VERSION = 1.0;
				PRODUCT_BUNDLE_IDENTIFIER = com.revature.HexagonSystemImageTests;
				PRODUCT_NAME = "$(TARGET_NAME)";
				SWIFT_EMIT_LOC_STRINGS = NO;
				SWIFT_VERSION = 5.0;
				TARGETED_DEVICE_FAMILY = "1,2";
				TEST_HOST = "$(BUILT_PRODUCTS_DIR)/HexagonSystemImage.app/HexagonSystemImage";
			};
			name = Debug;
		};
		D0A81CC32826F9CE00691994 /* Release */ = {
			isa = XCBuildConfiguration;
			buildSettings = {
				ALWAYS_EMBED_SWIFT_STANDARD_LIBRARIES = YES;
				BUNDLE_LOADER = "$(TEST_HOST)";
				CODE_SIGN_STYLE = Automatic;
				CURRENT_PROJECT_VERSION = 1;
				GENERATE_INFOPLIST_FILE = YES;
				IPHONEOS_DEPLOYMENT_TARGET = 15.2;
				MARKETING_VERSION = 1.0;
				PRODUCT_BUNDLE_IDENTIFIER = com.revature.HexagonSystemImageTests;
				PRODUCT_NAME = "$(TARGET_NAME)";
				SWIFT_EMIT_LOC_STRINGS = NO;
				SWIFT_VERSION = 5.0;
				TARGETED_DEVICE_FAMILY = "1,2";
				TEST_HOST = "$(BUILT_PRODUCTS_DIR)/HexagonSystemImage.app/HexagonSystemImage";
			};
			name = Release;
		};
/* End XCBuildConfiguration section */

/* Begin XCConfigurationList section */
		D0A81C952826F9CD00691994 /* Build configuration list for PBXProject "HexagonSystemImage" */ = {
			isa = XCConfigurationList;
			buildConfigurations = (
				D0A81CBC2826F9CE00691994 /* Debug */,
				D0A81CBD2826F9CE00691994 /* Release */,
			);
			defaultConfigurationIsVisible = 0;
			defaultConfigurationName = Release;
		};
		D0A81CBE2826F9CE00691994 /* Build configuration list for PBXNativeTarget "HexagonSystemImage" */ = {
			isa = XCConfigurationList;
			buildConfigurations = (
				D0A81CBF2826F9CE00691994 /* Debug */,
				D0A81CC02826F9CE00691994 /* Release */,
			);
			defaultConfigurationIsVisible = 0;
			defaultConfigurationName = Release;
		};
		D0A81CC12826F9CE00691994 /* Build configuration list for PBXNativeTarget "HexagonSystemImageTests" */ = {
			isa = XCConfigurationList;
			buildConfigurations = (
				D0A81CC22826F9CE00691994 /* Debug */,
				D0A81CC32826F9CE00691994 /* Release */,
			);
			defaultConfigurationIsVisible = 0;
			defaultConfigurationName = Release;
		};
/* End XCConfigurationList section */
	};
	rootObject = D0A81C922826F9CD00691994 /* Project object */;
}
